// !$*UTF8*$!
{
	archiveVersion = 1;
	classes = {
	};
	objectVersion = 55;
	objects = {

/* Begin PBXBuildFile section */
		06585BAA284719F9009C3AE4 /* InsetFactView.swift in Sources */ = {isa = PBXBuildFile; fileRef = 06585BA9284719F9009C3AE4 /* InsetFactView.swift */; };
		06585BAC28471CC5009C3AE4 /* InsetMapView.swift in Sources */ = {isa = PBXBuildFile; fileRef = 06585BAB28471CC5009C3AE4 /* InsetMapView.swift */; };
		06585BAE2847264C009C3AE4 /* ExternalWeblinkView.swift in Sources */ = {isa = PBXBuildFile; fileRef = 06585BAD2847264C009C3AE4 /* ExternalWeblinkView.swift */; };
		06585BB028472995009C3AE4 /* VideoModel.swift in Sources */ = {isa = PBXBuildFile; fileRef = 06585BAF28472995009C3AE4 /* VideoModel.swift */; };
		06585BB2284729D8009C3AE4 /* VideoListItemView.swift in Sources */ = {isa = PBXBuildFile; fileRef = 06585BB1284729D8009C3AE4 /* VideoListItemView.swift */; };
		06585BB4284872DC009C3AE4 /* VideoPlayerView.swift in Sources */ = {isa = PBXBuildFile; fileRef = 06585BB3284872DC009C3AE4 /* VideoPlayerView.swift */; };
		06585BB728487478009C3AE4 /* VideoPlayerHelper.swift in Sources */ = {isa = PBXBuildFile; fileRef = 06585BB628487478009C3AE4 /* VideoPlayerHelper.swift */; };
		06585BB928487AB1009C3AE4 /* LocationModel.swift in Sources */ = {isa = PBXBuildFile; fileRef = 06585BB828487AB1009C3AE4 /* LocationModel.swift */; };
		06585BBB28488110009C3AE4 /* MapAnnotationView.swift in Sources */ = {isa = PBXBuildFile; fileRef = 06585BBA28488110009C3AE4 /* MapAnnotationView.swift */; };
		06585BBD2849BB1B009C3AE4 /* MotionAnimationView.swift in Sources */ = {isa = PBXBuildFile; fileRef = 06585BBC2849BB1B009C3AE4 /* MotionAnimationView.swift */; };
		06585BBF2849D6E1009C3AE4 /* AnimalGridItemView.swift in Sources */ = {isa = PBXBuildFile; fileRef = 06585BBE2849D6E1009C3AE4 /* AnimalGridItemView.swift */; };
		06585BC52849DEA9009C3AE4 /* Stickers.xcassets in Resources */ = {isa = PBXBuildFile; fileRef = 06585BC42849DEA9009C3AE4 /* Stickers.xcassets */; };
		06585BC92849DEA9009C3AE4 /* Stickers.appex in Embed App Extensions */ = {isa = PBXBuildFile; fileRef = 06585BC22849DEA8009C3AE4 /* Stickers.appex */; platformFilter = ios; settings = {ATTRIBUTES = (RemoveHeadersOnCopy, ); }; };
		06585BCF2849E14E009C3AE4 /* CreditsView.swift in Sources */ = {isa = PBXBuildFile; fileRef = 06585BCE2849E14E009C3AE4 /* CreditsView.swift */; };
		06585BD22849E367009C3AE4 /* CenterModifier.swift in Sources */ = {isa = PBXBuildFile; fileRef = 06585BD12849E367009C3AE4 /* CenterModifier.swift */; };
		06C2824F2845C081005B9700 /* CoverImageModel.swift in Sources */ = {isa = PBXBuildFile; fileRef = 06C2824E2845C081005B9700 /* CoverImageModel.swift */; };
		06C282522845C323005B9700 /* CodableBundleExtension.swift in Sources */ = {isa = PBXBuildFile; fileRef = 06C282512845C323005B9700 /* CodableBundleExtension.swift */; };
		06C282542845CE05005B9700 /* AnimalListItemView.swift in Sources */ = {isa = PBXBuildFile; fileRef = 06C282532845CE05005B9700 /* AnimalListItemView.swift */; };
		06C282562845CFEF005B9700 /* AnimalModel.swift in Sources */ = {isa = PBXBuildFile; fileRef = 06C282552845CFEF005B9700 /* AnimalModel.swift */; };
		06C282582845DE05005B9700 /* AnimalDetailView.swift in Sources */ = {isa = PBXBuildFile; fileRef = 06C282572845DE05005B9700 /* AnimalDetailView.swift */; };
		06C2825A2845E18E005B9700 /* HeadingView.swift in Sources */ = {isa = PBXBuildFile; fileRef = 06C282592845E18E005B9700 /* HeadingView.swift */; };
		06C2825C2845E336005B9700 /* InsetGalleryView.swift in Sources */ = {isa = PBXBuildFile; fileRef = 06C2825B2845E336005B9700 /* InsetGalleryView.swift */; };
		06ECF66B2845B2DF00550AAF /* AfricaApp.swift in Sources */ = {isa = PBXBuildFile; fileRef = 06ECF66A2845B2DF00550AAF /* AfricaApp.swift */; };
		06ECF66D2845B2DF00550AAF /* ContentView.swift in Sources */ = {isa = PBXBuildFile; fileRef = 06ECF66C2845B2DF00550AAF /* ContentView.swift */; };
		06ECF66F2845B2E000550AAF /* Assets.xcassets in Resources */ = {isa = PBXBuildFile; fileRef = 06ECF66E2845B2E000550AAF /* Assets.xcassets */; };
		06ECF6722845B2E000550AAF /* Preview Assets.xcassets in Resources */ = {isa = PBXBuildFile; fileRef = 06ECF6712845B2E000550AAF /* Preview Assets.xcassets */; };
		06ECF68D2845B56F00550AAF /* cheetah.mp4 in Resources */ = {isa = PBXBuildFile; fileRef = 06ECF6832845B56F00550AAF /* cheetah.mp4 */; };
		06ECF68E2845B56F00550AAF /* giraffe.mp4 in Resources */ = {isa = PBXBuildFile; fileRef = 06ECF6842845B56F00550AAF /* giraffe.mp4 */; };
		06ECF68F2845B56F00550AAF /* lioness.mp4 in Resources */ = {isa = PBXBuildFile; fileRef = 06ECF6852845B56F00550AAF /* lioness.mp4 */; };
		06ECF6902845B56F00550AAF /* gorilla.mp4 in Resources */ = {isa = PBXBuildFile; fileRef = 06ECF6862845B56F00550AAF /* gorilla.mp4 */; };
		06ECF6912845B56F00550AAF /* zebra.mp4 in Resources */ = {isa = PBXBuildFile; fileRef = 06ECF6872845B56F00550AAF /* zebra.mp4 */; };
		06ECF6922845B56F00550AAF /* lion.mp4 in Resources */ = {isa = PBXBuildFile; fileRef = 06ECF6882845B56F00550AAF /* lion.mp4 */; };
		06ECF6932845B56F00550AAF /* rhino.mp4 in Resources */ = {isa = PBXBuildFile; fileRef = 06ECF6892845B56F00550AAF /* rhino.mp4 */; };
		06ECF6942845B56F00550AAF /* elephant.mp4 in Resources */ = {isa = PBXBuildFile; fileRef = 06ECF68A2845B56F00550AAF /* elephant.mp4 */; };
		06ECF6952845B56F00550AAF /* ostrich.mp4 in Resources */ = {isa = PBXBuildFile; fileRef = 06ECF68B2845B56F00550AAF /* ostrich.mp4 */; };
		06ECF6962845B56F00550AAF /* hippo.mp4 in Resources */ = {isa = PBXBuildFile; fileRef = 06ECF68C2845B56F00550AAF /* hippo.mp4 */; };
		06ECF69C2845B5C500550AAF /* animals.json in Resources */ = {isa = PBXBuildFile; fileRef = 06ECF6982845B5C500550AAF /* animals.json */; };
		06ECF69D2845B5C500550AAF /* locations.json in Resources */ = {isa = PBXBuildFile; fileRef = 06ECF6992845B5C500550AAF /* locations.json */; };
		06ECF69E2845B5C500550AAF /* covers.json in Resources */ = {isa = PBXBuildFile; fileRef = 06ECF69A2845B5C500550AAF /* covers.json */; };
		06ECF69F2845B5C500550AAF /* videos.json in Resources */ = {isa = PBXBuildFile; fileRef = 06ECF69B2845B5C500550AAF /* videos.json */; };
		06ECF6A32845B7BC00550AAF /* VideoListView.swift in Sources */ = {isa = PBXBuildFile; fileRef = 06ECF6A22845B7BC00550AAF /* VideoListView.swift */; };
		06ECF6A52845B7DC00550AAF /* MapView.swift in Sources */ = {isa = PBXBuildFile; fileRef = 06ECF6A42845B7DC00550AAF /* MapView.swift */; };
		06ECF6A72845B7ED00550AAF /* GalleryView.swift in Sources */ = {isa = PBXBuildFile; fileRef = 06ECF6A62845B7ED00550AAF /* GalleryView.swift */; };
		06ECF6A92845B80E00550AAF /* MainView.swift in Sources */ = {isa = PBXBuildFile; fileRef = 06ECF6A82845B80E00550AAF /* MainView.swift */; };
		06ECF6AC2845BCC400550AAF /* CoverImageView.swift in Sources */ = {isa = PBXBuildFile; fileRef = 06ECF6AB2845BCC400550AAF /* CoverImageView.swift */; };
/* End PBXBuildFile section */

/* Begin PBXContainerItemProxy section */
		06585BC72849DEA9009C3AE4 /* PBXContainerItemProxy */ = {
			isa = PBXContainerItemProxy;
			containerPortal = 06ECF65F2845B2DF00550AAF /* Project object */;
			proxyType = 1;
			remoteGlobalIDString = 06585BC12849DEA8009C3AE4;
			remoteInfo = Stickers;
		};
/* End PBXContainerItemProxy section */

/* Begin PBXCopyFilesBuildPhase section */
		06585BCD2849DEA9009C3AE4 /* Embed App Extensions */ = {
			isa = PBXCopyFilesBuildPhase;
			buildActionMask = 2147483647;
			dstPath = "";
			dstSubfolderSpec = 13;
			files = (
				06585BC92849DEA9009C3AE4 /* Stickers.appex in Embed App Extensions */,
			);
			name = "Embed App Extensions";
			runOnlyForDeploymentPostprocessing = 0;
		};
/* End PBXCopyFilesBuildPhase section */

/* Begin PBXFileReference section */
		06585BA9284719F9009C3AE4 /* InsetFactView.swift */ = {isa = PBXFileReference; lastKnownFileType = sourcecode.swift; path = InsetFactView.swift; sourceTree = "<group>"; };
		06585BAB28471CC5009C3AE4 /* InsetMapView.swift */ = {isa = PBXFileReference; lastKnownFileType = sourcecode.swift; path = InsetMapView.swift; sourceTree = "<group>"; };
		06585BAD2847264C009C3AE4 /* ExternalWeblinkView.swift */ = {isa = PBXFileReference; lastKnownFileType = sourcecode.swift; path = ExternalWeblinkView.swift; sourceTree = "<group>"; };
		06585BAF28472995009C3AE4 /* VideoModel.swift */ = {isa = PBXFileReference; lastKnownFileType = sourcecode.swift; path = VideoModel.swift; sourceTree = "<group>"; };
		06585BB1284729D8009C3AE4 /* VideoListItemView.swift */ = {isa = PBXFileReference; lastKnownFileType = sourcecode.swift; path = VideoListItemView.swift; sourceTree = "<group>"; };
		06585BB3284872DC009C3AE4 /* VideoPlayerView.swift */ = {isa = PBXFileReference; lastKnownFileType = sourcecode.swift; path = VideoPlayerView.swift; sourceTree = "<group>"; };
		06585BB628487478009C3AE4 /* VideoPlayerHelper.swift */ = {isa = PBXFileReference; lastKnownFileType = sourcecode.swift; path = VideoPlayerHelper.swift; sourceTree = "<group>"; };
		06585BB828487AB1009C3AE4 /* LocationModel.swift */ = {isa = PBXFileReference; lastKnownFileType = sourcecode.swift; path = LocationModel.swift; sourceTree = "<group>"; };
		06585BBA28488110009C3AE4 /* MapAnnotationView.swift */ = {isa = PBXFileReference; lastKnownFileType = sourcecode.swift; path = MapAnnotationView.swift; sourceTree = "<group>"; };
		06585BBC2849BB1B009C3AE4 /* MotionAnimationView.swift */ = {isa = PBXFileReference; lastKnownFileType = sourcecode.swift; path = MotionAnimationView.swift; sourceTree = "<group>"; };
		06585BBE2849D6E1009C3AE4 /* AnimalGridItemView.swift */ = {isa = PBXFileReference; lastKnownFileType = sourcecode.swift; path = AnimalGridItemView.swift; sourceTree = "<group>"; };
		06585BC22849DEA8009C3AE4 /* Stickers.appex */ = {isa = PBXFileReference; explicitFileType = "wrapper.app-extension"; includeInIndex = 0; path = Stickers.appex; sourceTree = BUILT_PRODUCTS_DIR; };
		06585BC42849DEA9009C3AE4 /* Stickers.xcassets */ = {isa = PBXFileReference; lastKnownFileType = folder.assetcatalog; path = Stickers.xcassets; sourceTree = "<group>"; };
		06585BC62849DEA9009C3AE4 /* Info.plist */ = {isa = PBXFileReference; lastKnownFileType = text.plist.xml; path = Info.plist; sourceTree = "<group>"; };
		06585BCE2849E14E009C3AE4 /* CreditsView.swift */ = {isa = PBXFileReference; lastKnownFileType = sourcecode.swift; path = CreditsView.swift; sourceTree = "<group>"; };
		06585BD12849E367009C3AE4 /* CenterModifier.swift */ = {isa = PBXFileReference; lastKnownFileType = sourcecode.swift; path = CenterModifier.swift; sourceTree = "<group>"; };
		06585BD32849E493009C3AE4 /* Stickers.entitlements */ = {isa = PBXFileReference; lastKnownFileType = text.plist.entitlements; path = Stickers.entitlements; sourceTree = "<group>"; };
		06585BD42849E4C9009C3AE4 /* Africa.entitlements */ = {isa = PBXFileReference; lastKnownFileType = text.plist.entitlements; path = Africa.entitlements; sourceTree = "<group>"; };
		06C2824E2845C081005B9700 /* CoverImageModel.swift */ = {isa = PBXFileReference; lastKnownFileType = sourcecode.swift; path = CoverImageModel.swift; sourceTree = "<group>"; };
		06C282512845C323005B9700 /* CodableBundleExtension.swift */ = {isa = PBXFileReference; lastKnownFileType = sourcecode.swift; path = CodableBundleExtension.swift; sourceTree = "<group>"; };
		06C282532845CE05005B9700 /* AnimalListItemView.swift */ = {isa = PBXFileReference; lastKnownFileType = sourcecode.swift; path = AnimalListItemView.swift; sourceTree = "<group>"; };
		06C282552845CFEF005B9700 /* AnimalModel.swift */ = {isa = PBXFileReference; lastKnownFileType = sourcecode.swift; path = AnimalModel.swift; sourceTree = "<group>"; };
		06C282572845DE05005B9700 /* AnimalDetailView.swift */ = {isa = PBXFileReference; lastKnownFileType = sourcecode.swift; path = AnimalDetailView.swift; sourceTree = "<group>"; };
		06C282592845E18E005B9700 /* HeadingView.swift */ = {isa = PBXFileReference; lastKnownFileType = sourcecode.swift; path = HeadingView.swift; sourceTree = "<group>"; };
		06C2825B2845E336005B9700 /* InsetGalleryView.swift */ = {isa = PBXFileReference; lastKnownFileType = sourcecode.swift; path = InsetGalleryView.swift; sourceTree = "<group>"; };
		06ECF6672845B2DF00550AAF /* Africa.app */ = {isa = PBXFileReference; explicitFileType = wrapper.application; includeInIndex = 0; path = Africa.app; sourceTree = BUILT_PRODUCTS_DIR; };
		06ECF66A2845B2DF00550AAF /* AfricaApp.swift */ = {isa = PBXFileReference; lastKnownFileType = sourcecode.swift; path = AfricaApp.swift; sourceTree = "<group>"; };
		06ECF66C2845B2DF00550AAF /* ContentView.swift */ = {isa = PBXFileReference; lastKnownFileType = sourcecode.swift; path = ContentView.swift; sourceTree = "<group>"; };
		06ECF66E2845B2E000550AAF /* Assets.xcassets */ = {isa = PBXFileReference; lastKnownFileType = folder.assetcatalog; path = Assets.xcassets; sourceTree = "<group>"; };
		06ECF6712845B2E000550AAF /* Preview Assets.xcassets */ = {isa = PBXFileReference; lastKnownFileType = folder.assetcatalog; path = "Preview Assets.xcassets"; sourceTree = "<group>"; };
		06ECF6832845B56F00550AAF /* cheetah.mp4 */ = {isa = PBXFileReference; lastKnownFileType = file; name = cheetah.mp4; path = ../../../../Resources/video/cheetah.mp4; sourceTree = "<group>"; };
		06ECF6842845B56F00550AAF /* giraffe.mp4 */ = {isa = PBXFileReference; lastKnownFileType = file; name = giraffe.mp4; path = ../../../../Resources/video/giraffe.mp4; sourceTree = "<group>"; };
		06ECF6852845B56F00550AAF /* lioness.mp4 */ = {isa = PBXFileReference; lastKnownFileType = file; name = lioness.mp4; path = ../../../../Resources/video/lioness.mp4; sourceTree = "<group>"; };
		06ECF6862845B56F00550AAF /* gorilla.mp4 */ = {isa = PBXFileReference; lastKnownFileType = file; name = gorilla.mp4; path = ../../../../Resources/video/gorilla.mp4; sourceTree = "<group>"; };
		06ECF6872845B56F00550AAF /* zebra.mp4 */ = {isa = PBXFileReference; lastKnownFileType = file; name = zebra.mp4; path = ../../../../Resources/video/zebra.mp4; sourceTree = "<group>"; };
		06ECF6882845B56F00550AAF /* lion.mp4 */ = {isa = PBXFileReference; lastKnownFileType = file; name = lion.mp4; path = ../../../../Resources/video/lion.mp4; sourceTree = "<group>"; };
		06ECF6892845B56F00550AAF /* rhino.mp4 */ = {isa = PBXFileReference; lastKnownFileType = file; name = rhino.mp4; path = ../../../../Resources/video/rhino.mp4; sourceTree = "<group>"; };
		06ECF68A2845B56F00550AAF /* elephant.mp4 */ = {isa = PBXFileReference; lastKnownFileType = file; name = elephant.mp4; path = ../../../../Resources/video/elephant.mp4; sourceTree = "<group>"; };
		06ECF68B2845B56F00550AAF /* ostrich.mp4 */ = {isa = PBXFileReference; lastKnownFileType = file; name = ostrich.mp4; path = ../../../../Resources/video/ostrich.mp4; sourceTree = "<group>"; };
		06ECF68C2845B56F00550AAF /* hippo.mp4 */ = {isa = PBXFileReference; lastKnownFileType = file; name = hippo.mp4; path = ../../../../Resources/video/hippo.mp4; sourceTree = "<group>"; };
		06ECF6982845B5C500550AAF /* animals.json */ = {isa = PBXFileReference; fileEncoding = 4; lastKnownFileType = text.json; path = animals.json; sourceTree = "<group>"; };
		06ECF6992845B5C500550AAF /* locations.json */ = {isa = PBXFileReference; fileEncoding = 4; lastKnownFileType = text.json; path = locations.json; sourceTree = "<group>"; };
		06ECF69A2845B5C500550AAF /* covers.json */ = {isa = PBXFileReference; fileEncoding = 4; lastKnownFileType = text.json; path = covers.json; sourceTree = "<group>"; };
		06ECF69B2845B5C500550AAF /* videos.json */ = {isa = PBXFileReference; fileEncoding = 4; lastKnownFileType = text.json; path = videos.json; sourceTree = "<group>"; };
		06ECF6A02845B69500550AAF /* Info.plist */ = {isa = PBXFileReference; lastKnownFileType = text.plist; path = Info.plist; sourceTree = "<group>"; };
		06ECF6A22845B7BC00550AAF /* VideoListView.swift */ = {isa = PBXFileReference; lastKnownFileType = sourcecode.swift; path = VideoListView.swift; sourceTree = "<group>"; };
		06ECF6A42845B7DC00550AAF /* MapView.swift */ = {isa = PBXFileReference; lastKnownFileType = sourcecode.swift; path = MapView.swift; sourceTree = "<group>"; };
		06ECF6A62845B7ED00550AAF /* GalleryView.swift */ = {isa = PBXFileReference; lastKnownFileType = sourcecode.swift; path = GalleryView.swift; sourceTree = "<group>"; };
		06ECF6A82845B80E00550AAF /* MainView.swift */ = {isa = PBXFileReference; lastKnownFileType = sourcecode.swift; path = MainView.swift; sourceTree = "<group>"; };
		06ECF6AB2845BCC400550AAF /* CoverImageView.swift */ = {isa = PBXFileReference; lastKnownFileType = sourcecode.swift; path = CoverImageView.swift; sourceTree = "<group>"; };
/* End PBXFileReference section */

/* Begin PBXFrameworksBuildPhase section */
		06ECF6642845B2DF00550AAF /* Frameworks */ = {
			isa = PBXFrameworksBuildPhase;
			buildActionMask = 2147483647;
			files = (
			);
			runOnlyForDeploymentPostprocessing = 0;
		};
/* End PBXFrameworksBuildPhase section */

/* Begin PBXGroup section */
		06585BB52848745D009C3AE4 /* Helper */ = {
			isa = PBXGroup;
			children = (
				06585BB628487478009C3AE4 /* VideoPlayerHelper.swift */,
			);
			path = Helper;
			sourceTree = "<group>";
		};
		06585BC32849DEA8009C3AE4 /* Stickers */ = {
			isa = PBXGroup;
			children = (
				06585BD32849E493009C3AE4 /* Stickers.entitlements */,
				06585BC42849DEA9009C3AE4 /* Stickers.xcassets */,
				06585BC62849DEA9009C3AE4 /* Info.plist */,
			);
			path = Stickers;
			sourceTree = "<group>";
		};
		06585BD02849E348009C3AE4 /* Modifier */ = {
			isa = PBXGroup;
			children = (
				06585BD12849E367009C3AE4 /* CenterModifier.swift */,
			);
			path = Modifier;
			sourceTree = "<group>";
		};
		06C282502845C305005B9700 /* Extension */ = {
			isa = PBXGroup;
			children = (
				06C282512845C323005B9700 /* CodableBundleExtension.swift */,
			);
			path = Extension;
			sourceTree = "<group>";
		};
		06ECF65E2845B2DF00550AAF = {
			isa = PBXGroup;
			children = (
				06ECF6692845B2DF00550AAF /* Africa */,
				06585BC32849DEA8009C3AE4 /* Stickers */,
				06ECF6682845B2DF00550AAF /* Products */,
			);
			sourceTree = "<group>";
		};
		06ECF6682845B2DF00550AAF /* Products */ = {
			isa = PBXGroup;
			children = (
				06ECF6672845B2DF00550AAF /* Africa.app */,
				06585BC22849DEA8009C3AE4 /* Stickers.appex */,
			);
			name = Products;
			sourceTree = "<group>";
		};
		06ECF6692845B2DF00550AAF /* Africa */ = {
			isa = PBXGroup;
			children = (
				06585BD42849E4C9009C3AE4 /* Africa.entitlements */,
				06585BD02849E348009C3AE4 /* Modifier */,
				06585BB52848745D009C3AE4 /* Helper */,
				06C282502845C305005B9700 /* Extension */,
				06ECF6A12845B75D00550AAF /* App */,
				06ECF6AA2845BCAA00550AAF /* View */,
				06ECF6AD2845C02D00550AAF /* Model */,
				06ECF6972845B5A000550AAF /* Data */,
				06ECF6782845B4CF00550AAF /* Video */,
				06ECF6A02845B69500550AAF /* Info.plist */,
				06ECF66E2845B2E000550AAF /* Assets.xcassets */,
				06ECF6702845B2E000550AAF /* Preview Content */,
			);
			path = Africa;
			sourceTree = "<group>";
		};
		06ECF6702845B2E000550AAF /* Preview Content */ = {
			isa = PBXGroup;
			children = (
				06ECF6712845B2E000550AAF /* Preview Assets.xcassets */,
			);
			path = "Preview Content";
			sourceTree = "<group>";
		};
		06ECF6782845B4CF00550AAF /* Video */ = {
			isa = PBXGroup;
			children = (
				06ECF6832845B56F00550AAF /* cheetah.mp4 */,
				06ECF68A2845B56F00550AAF /* elephant.mp4 */,
				06ECF6842845B56F00550AAF /* giraffe.mp4 */,
				06ECF6862845B56F00550AAF /* gorilla.mp4 */,
				06ECF68C2845B56F00550AAF /* hippo.mp4 */,
				06ECF6882845B56F00550AAF /* lion.mp4 */,
				06ECF6852845B56F00550AAF /* lioness.mp4 */,
				06ECF68B2845B56F00550AAF /* ostrich.mp4 */,
				06ECF6892845B56F00550AAF /* rhino.mp4 */,
				06ECF6872845B56F00550AAF /* zebra.mp4 */,
			);
			path = Video;
			sourceTree = "<group>";
		};
		06ECF6972845B5A000550AAF /* Data */ = {
			isa = PBXGroup;
			children = (
				06ECF6982845B5C500550AAF /* animals.json */,
				06ECF69A2845B5C500550AAF /* covers.json */,
				06ECF6992845B5C500550AAF /* locations.json */,
				06ECF69B2845B5C500550AAF /* videos.json */,
			);
			path = Data;
			sourceTree = "<group>";
		};
		06ECF6A12845B75D00550AAF /* App */ = {
			isa = PBXGroup;
			children = (
				06ECF66A2845B2DF00550AAF /* AfricaApp.swift */,
				06ECF66C2845B2DF00550AAF /* ContentView.swift */,
				06ECF6A62845B7ED00550AAF /* GalleryView.swift */,
				06ECF6A22845B7BC00550AAF /* VideoListView.swift */,
				06ECF6A42845B7DC00550AAF /* MapView.swift */,
				06ECF6A82845B80E00550AAF /* MainView.swift */,
			);
			path = App;
			sourceTree = "<group>";
		};
		06ECF6AA2845BCAA00550AAF /* View */ = {
			isa = PBXGroup;
			children = (
				06ECF6AB2845BCC400550AAF /* CoverImageView.swift */,
				06C282532845CE05005B9700 /* AnimalListItemView.swift */,
				06C282572845DE05005B9700 /* AnimalDetailView.swift */,
				06C282592845E18E005B9700 /* HeadingView.swift */,
				06C2825B2845E336005B9700 /* InsetGalleryView.swift */,
				06585BA9284719F9009C3AE4 /* InsetFactView.swift */,
				06585BAB28471CC5009C3AE4 /* InsetMapView.swift */,
				06585BAD2847264C009C3AE4 /* ExternalWeblinkView.swift */,
				06585BB1284729D8009C3AE4 /* VideoListItemView.swift */,
				06585BB3284872DC009C3AE4 /* VideoPlayerView.swift */,
				06585BBA28488110009C3AE4 /* MapAnnotationView.swift */,
				06585BBC2849BB1B009C3AE4 /* MotionAnimationView.swift */,
				06585BBE2849D6E1009C3AE4 /* AnimalGridItemView.swift */,
				06585BCE2849E14E009C3AE4 /* CreditsView.swift */,
			);
			path = View;
			sourceTree = "<group>";
		};
		06ECF6AD2845C02D00550AAF /* Model */ = {
			isa = PBXGroup;
			children = (
				06C2824E2845C081005B9700 /* CoverImageModel.swift */,
				06C282552845CFEF005B9700 /* AnimalModel.swift */,
				06585BAF28472995009C3AE4 /* VideoModel.swift */,
				06585BB828487AB1009C3AE4 /* LocationModel.swift */,
			);
			path = Model;
			sourceTree = "<group>";
		};
/* End PBXGroup section */

/* Begin PBXNativeTarget section */
		06585BC12849DEA8009C3AE4 /* Stickers */ = {
			isa = PBXNativeTarget;
			buildConfigurationList = 06585BCA2849DEA9009C3AE4 /* Build configuration list for PBXNativeTarget "Stickers" */;
			buildPhases = (
				06585BC02849DEA8009C3AE4 /* Resources */,
			);
			buildRules = (
			);
			dependencies = (
			);
			name = Stickers;
			productName = Stickers;
			productReference = 06585BC22849DEA8009C3AE4 /* Stickers.appex */;
			productType = "com.apple.product-type.app-extension.messages-sticker-pack";
		};
		06ECF6662845B2DF00550AAF /* Africa */ = {
			isa = PBXNativeTarget;
			buildConfigurationList = 06ECF6752845B2E000550AAF /* Build configuration list for PBXNativeTarget "Africa" */;
			buildPhases = (
				06ECF6632845B2DF00550AAF /* Sources */,
				06ECF6642845B2DF00550AAF /* Frameworks */,
				06ECF6652845B2DF00550AAF /* Resources */,
				06585BCD2849DEA9009C3AE4 /* Embed App Extensions */,
			);
			buildRules = (
			);
			dependencies = (
				06585BC82849DEA9009C3AE4 /* PBXTargetDependency */,
			);
			name = Africa;
			productName = Africa;
			productReference = 06ECF6672845B2DF00550AAF /* Africa.app */;
			productType = "com.apple.product-type.application";
		};
/* End PBXNativeTarget section */

/* Begin PBXProject section */
		06ECF65F2845B2DF00550AAF /* Project object */ = {
			isa = PBXProject;
			attributes = {
				BuildIndependentTargetsInParallel = 1;
				LastSwiftUpdateCheck = 1340;
				LastUpgradeCheck = 1340;
				TargetAttributes = {
					06585BC12849DEA8009C3AE4 = {
						CreatedOnToolsVersion = 13.4;
					};
					06ECF6662845B2DF00550AAF = {
						CreatedOnToolsVersion = 13.4;
					};
				};
			};
			buildConfigurationList = 06ECF6622845B2DF00550AAF /* Build configuration list for PBXProject "Africa" */;
			compatibilityVersion = "Xcode 13.0";
			developmentRegion = en;
			hasScannedForEncodings = 0;
			knownRegions = (
				en,
				Base,
			);
			mainGroup = 06ECF65E2845B2DF00550AAF;
			productRefGroup = 06ECF6682845B2DF00550AAF /* Products */;
			projectDirPath = "";
			projectRoot = "";
			targets = (
				06ECF6662845B2DF00550AAF /* Africa */,
				06585BC12849DEA8009C3AE4 /* Stickers */,
			);
		};
/* End PBXProject section */

/* Begin PBXResourcesBuildPhase section */
		06585BC02849DEA8009C3AE4 /* Resources */ = {
			isa = PBXResourcesBuildPhase;
			buildActionMask = 2147483647;
			files = (
				06585BC52849DEA9009C3AE4 /* Stickers.xcassets in Resources */,
			);
			runOnlyForDeploymentPostprocessing = 0;
		};
		06ECF6652845B2DF00550AAF /* Resources */ = {
			isa = PBXResourcesBuildPhase;
			buildActionMask = 2147483647;
			files = (
				06ECF69D2845B5C500550AAF /* locations.json in Resources */,
				06ECF6722845B2E000550AAF /* Preview Assets.xcassets in Resources */,
				06ECF6922845B56F00550AAF /* lion.mp4 in Resources */,
				06ECF66F2845B2E000550AAF /* Assets.xcassets in Resources */,
				06ECF6932845B56F00550AAF /* rhino.mp4 in Resources */,
				06ECF6962845B56F00550AAF /* hippo.mp4 in Resources */,
				06ECF68F2845B56F00550AAF /* lioness.mp4 in Resources */,
				06ECF68E2845B56F00550AAF /* giraffe.mp4 in Resources */,
				06ECF69C2845B5C500550AAF /* animals.json in Resources */,
				06ECF6902845B56F00550AAF /* gorilla.mp4 in Resources */,
				06ECF69E2845B5C500550AAF /* covers.json in Resources */,
				06ECF6912845B56F00550AAF /* zebra.mp4 in Resources */,
				06ECF6942845B56F00550AAF /* elephant.mp4 in Resources */,
				06ECF69F2845B5C500550AAF /* videos.json in Resources */,
				06ECF68D2845B56F00550AAF /* cheetah.mp4 in Resources */,
				06ECF6952845B56F00550AAF /* ostrich.mp4 in Resources */,
			);
			runOnlyForDeploymentPostprocessing = 0;
		};
/* End PBXResourcesBuildPhase section */

/* Begin PBXSourcesBuildPhase section */
		06ECF6632845B2DF00550AAF /* Sources */ = {
			isa = PBXSourcesBuildPhase;
			buildActionMask = 2147483647;
			files = (
				06585BAE2847264C009C3AE4 /* ExternalWeblinkView.swift in Sources */,
				06C282542845CE05005B9700 /* AnimalListItemView.swift in Sources */,
				06ECF66D2845B2DF00550AAF /* ContentView.swift in Sources */,
				06ECF6A92845B80E00550AAF /* MainView.swift in Sources */,
				06585BAA284719F9009C3AE4 /* InsetFactView.swift in Sources */,
				06ECF6AC2845BCC400550AAF /* CoverImageView.swift in Sources */,
				06C2824F2845C081005B9700 /* CoverImageModel.swift in Sources */,
				06C282582845DE05005B9700 /* AnimalDetailView.swift in Sources */,
				06C282562845CFEF005B9700 /* AnimalModel.swift in Sources */,
				06ECF6A52845B7DC00550AAF /* MapView.swift in Sources */,
				06585BB728487478009C3AE4 /* VideoPlayerHelper.swift in Sources */,
				06585BAC28471CC5009C3AE4 /* InsetMapView.swift in Sources */,
				06ECF66B2845B2DF00550AAF /* AfricaApp.swift in Sources */,
				06585BBB28488110009C3AE4 /* MapAnnotationView.swift in Sources */,
				06ECF6A32845B7BC00550AAF /* VideoListView.swift in Sources */,
				06585BB028472995009C3AE4 /* VideoModel.swift in Sources */,
				06ECF6A72845B7ED00550AAF /* GalleryView.swift in Sources */,
				06585BB928487AB1009C3AE4 /* LocationModel.swift in Sources */,
				06585BBF2849D6E1009C3AE4 /* AnimalGridItemView.swift in Sources */,
				06C2825C2845E336005B9700 /* InsetGalleryView.swift in Sources */,
				06585BB2284729D8009C3AE4 /* VideoListItemView.swift in Sources */,
				06585BCF2849E14E009C3AE4 /* CreditsView.swift in Sources */,
				06C282522845C323005B9700 /* CodableBundleExtension.swift in Sources */,
				06585BBD2849BB1B009C3AE4 /* MotionAnimationView.swift in Sources */,
				06585BD22849E367009C3AE4 /* CenterModifier.swift in Sources */,
				06C2825A2845E18E005B9700 /* HeadingView.swift in Sources */,
				06585BB4284872DC009C3AE4 /* VideoPlayerView.swift in Sources */,
			);
			runOnlyForDeploymentPostprocessing = 0;
		};
/* End PBXSourcesBuildPhase section */

/* Begin PBXTargetDependency section */
		06585BC82849DEA9009C3AE4 /* PBXTargetDependency */ = {
			isa = PBXTargetDependency;
			platformFilter = ios;
			target = 06585BC12849DEA8009C3AE4 /* Stickers */;
			targetProxy = 06585BC72849DEA9009C3AE4 /* PBXContainerItemProxy */;
		};
/* End PBXTargetDependency section */

/* Begin XCBuildConfiguration section */
		06585BCB2849DEA9009C3AE4 /* Debug */ = {
			isa = XCBuildConfiguration;
			buildSettings = {
				ASSETCATALOG_COMPILER_APPICON_NAME = "iMessage App Icon";
				CODE_SIGN_ENTITLEMENTS = Stickers/Stickers.entitlements;
				CODE_SIGN_STYLE = Automatic;
				CURRENT_PROJECT_VERSION = 1;
				DEVELOPMENT_TEAM = UPC72C27EN;
				GENERATE_INFOPLIST_FILE = YES;
				INFOPLIST_FILE = Stickers/Info.plist;
				INFOPLIST_KEY_CFBundleDisplayName = Africa;
				IPHONEOS_DEPLOYMENT_TARGET = 15.5;
				MARKETING_VERSION = 1.0;
				PRODUCT_BUNDLE_IDENTIFIER = com.sebas.Africa.Stickers;
				PRODUCT_NAME = "$(TARGET_NAME)";
				SKIP_INSTALL = YES;
				SUPPORTS_MACCATALYST = NO;
				SWIFT_EMIT_LOC_STRINGS = YES;
				TARGETED_DEVICE_FAMILY = "1,2";
			};
			name = Debug;
		};
		06585BCC2849DEA9009C3AE4 /* Release */ = {
			isa = XCBuildConfiguration;
			buildSettings = {
				ASSETCATALOG_COMPILER_APPICON_NAME = "iMessage App Icon";
				CODE_SIGN_ENTITLEMENTS = Stickers/Stickers.entitlements;
				CODE_SIGN_STYLE = Automatic;
				CURRENT_PROJECT_VERSION = 1;
				DEVELOPMENT_TEAM = UPC72C27EN;
				GENERATE_INFOPLIST_FILE = YES;
				INFOPLIST_FILE = Stickers/Info.plist;
				INFOPLIST_KEY_CFBundleDisplayName = Africa;
				IPHONEOS_DEPLOYMENT_TARGET = 15.5;
				MARKETING_VERSION = 1.0;
				PRODUCT_BUNDLE_IDENTIFIER = com.sebas.Africa.Stickers;
				PRODUCT_NAME = "$(TARGET_NAME)";
				SKIP_INSTALL = YES;
				SUPPORTS_MACCATALYST = NO;
				SWIFT_EMIT_LOC_STRINGS = YES;
				TARGETED_DEVICE_FAMILY = "1,2";
			};
			name = Release;
		};
		06ECF6732845B2E000550AAF /* Debug */ = {
			isa = XCBuildConfiguration;
			buildSettings = {
				ALWAYS_SEARCH_USER_PATHS = NO;
				CLANG_ANALYZER_NONNULL = YES;
				CLANG_ANALYZER_NUMBER_OBJECT_CONVERSION = YES_AGGRESSIVE;
				CLANG_CXX_LANGUAGE_STANDARD = "gnu++17";
				CLANG_ENABLE_MODULES = YES;
				CLANG_ENABLE_OBJC_ARC = YES;
				CLANG_ENABLE_OBJC_WEAK = YES;
				CLANG_WARN_BLOCK_CAPTURE_AUTORELEASING = YES;
				CLANG_WARN_BOOL_CONVERSION = YES;
				CLANG_WARN_COMMA = YES;
				CLANG_WARN_CONSTANT_CONVERSION = YES;
				CLANG_WARN_DEPRECATED_OBJC_IMPLEMENTATIONS = YES;
				CLANG_WARN_DIRECT_OBJC_ISA_USAGE = YES_ERROR;
				CLANG_WARN_DOCUMENTATION_COMMENTS = YES;
				CLANG_WARN_EMPTY_BODY = YES;
				CLANG_WARN_ENUM_CONVERSION = YES;
				CLANG_WARN_INFINITE_RECURSION = YES;
				CLANG_WARN_INT_CONVERSION = YES;
				CLANG_WARN_NON_LITERAL_NULL_CONVERSION = YES;
				CLANG_WARN_OBJC_IMPLICIT_RETAIN_SELF = YES;
				CLANG_WARN_OBJC_LITERAL_CONVERSION = YES;
				CLANG_WARN_OBJC_ROOT_CLASS = YES_ERROR;
				CLANG_WARN_QUOTED_INCLUDE_IN_FRAMEWORK_HEADER = YES;
				CLANG_WARN_RANGE_LOOP_ANALYSIS = YES;
				CLANG_WARN_STRICT_PROTOTYPES = YES;
				CLANG_WARN_SUSPICIOUS_MOVE = YES;
				CLANG_WARN_UNGUARDED_AVAILABILITY = YES_AGGRESSIVE;
				CLANG_WARN_UNREACHABLE_CODE = YES;
				CLANG_WARN__DUPLICATE_METHOD_MATCH = YES;
				COPY_PHASE_STRIP = NO;
				DEBUG_INFORMATION_FORMAT = dwarf;
				ENABLE_STRICT_OBJC_MSGSEND = YES;
				ENABLE_TESTABILITY = YES;
				GCC_C_LANGUAGE_STANDARD = gnu11;
				GCC_DYNAMIC_NO_PIC = NO;
				GCC_NO_COMMON_BLOCKS = YES;
				GCC_OPTIMIZATION_LEVEL = 0;
				GCC_PREPROCESSOR_DEFINITIONS = (
					"DEBUG=1",
					"$(inherited)",
				);
				GCC_WARN_64_TO_32_BIT_CONVERSION = YES;
				GCC_WARN_ABOUT_RETURN_TYPE = YES_ERROR;
				GCC_WARN_UNDECLARED_SELECTOR = YES;
				GCC_WARN_UNINITIALIZED_AUTOS = YES_AGGRESSIVE;
				GCC_WARN_UNUSED_FUNCTION = YES;
				GCC_WARN_UNUSED_VARIABLE = YES;
				IPHONEOS_DEPLOYMENT_TARGET = 14.0;
				MTL_ENABLE_DEBUG_INFO = INCLUDE_SOURCE;
				MTL_FAST_MATH = YES;
				ONLY_ACTIVE_ARCH = YES;
				SDKROOT = iphoneos;
				SWIFT_ACTIVE_COMPILATION_CONDITIONS = DEBUG;
				SWIFT_OPTIMIZATION_LEVEL = "-Onone";
			};
			name = Debug;
		};
		06ECF6742845B2E000550AAF /* Release */ = {
			isa = XCBuildConfiguration;
			buildSettings = {
				ALWAYS_SEARCH_USER_PATHS = NO;
				CLANG_ANALYZER_NONNULL = YES;
				CLANG_ANALYZER_NUMBER_OBJECT_CONVERSION = YES_AGGRESSIVE;
				CLANG_CXX_LANGUAGE_STANDARD = "gnu++17";
				CLANG_ENABLE_MODULES = YES;
				CLANG_ENABLE_OBJC_ARC = YES;
				CLANG_ENABLE_OBJC_WEAK = YES;
				CLANG_WARN_BLOCK_CAPTURE_AUTORELEASING = YES;
				CLANG_WARN_BOOL_CONVERSION = YES;
				CLANG_WARN_COMMA = YES;
				CLANG_WARN_CONSTANT_CONVERSION = YES;
				CLANG_WARN_DEPRECATED_OBJC_IMPLEMENTATIONS = YES;
				CLANG_WARN_DIRECT_OBJC_ISA_USAGE = YES_ERROR;
				CLANG_WARN_DOCUMENTATION_COMMENTS = YES;
				CLANG_WARN_EMPTY_BODY = YES;
				CLANG_WARN_ENUM_CONVERSION = YES;
				CLANG_WARN_INFINITE_RECURSION = YES;
				CLANG_WARN_INT_CONVERSION = YES;
				CLANG_WARN_NON_LITERAL_NULL_CONVERSION = YES;
				CLANG_WARN_OBJC_IMPLICIT_RETAIN_SELF = YES;
				CLANG_WARN_OBJC_LITERAL_CONVERSION = YES;
				CLANG_WARN_OBJC_ROOT_CLASS = YES_ERROR;
				CLANG_WARN_QUOTED_INCLUDE_IN_FRAMEWORK_HEADER = YES;
				CLANG_WARN_RANGE_LOOP_ANALYSIS = YES;
				CLANG_WARN_STRICT_PROTOTYPES = YES;
				CLANG_WARN_SUSPICIOUS_MOVE = YES;
				CLANG_WARN_UNGUARDED_AVAILABILITY = YES_AGGRESSIVE;
				CLANG_WARN_UNREACHABLE_CODE = YES;
				CLANG_WARN__DUPLICATE_METHOD_MATCH = YES;
				COPY_PHASE_STRIP = NO;
				DEBUG_INFORMATION_FORMAT = "dwarf-with-dsym";
				ENABLE_NS_ASSERTIONS = NO;
				ENABLE_STRICT_OBJC_MSGSEND = YES;
				GCC_C_LANGUAGE_STANDARD = gnu11;
				GCC_NO_COMMON_BLOCKS = YES;
				GCC_WARN_64_TO_32_BIT_CONVERSION = YES;
				GCC_WARN_ABOUT_RETURN_TYPE = YES_ERROR;
				GCC_WARN_UNDECLARED_SELECTOR = YES;
				GCC_WARN_UNINITIALIZED_AUTOS = YES_AGGRESSIVE;
				GCC_WARN_UNUSED_FUNCTION = YES;
				GCC_WARN_UNUSED_VARIABLE = YES;
				IPHONEOS_DEPLOYMENT_TARGET = 14.0;
				MTL_ENABLE_DEBUG_INFO = NO;
				MTL_FAST_MATH = YES;
				SDKROOT = iphoneos;
				SWIFT_COMPILATION_MODE = wholemodule;
				SWIFT_OPTIMIZATION_LEVEL = "-O";
				VALIDATE_PRODUCT = YES;
			};
			name = Release;
		};
		06ECF6762845B2E000550AAF /* Debug */ = {
			isa = XCBuildConfiguration;
			buildSettings = {
				ASSETCATALOG_COMPILER_APPICON_NAME = AppIcon;
				ASSETCATALOG_COMPILER_GLOBAL_ACCENT_COLOR_NAME = AccentColor;
				CODE_SIGN_ENTITLEMENTS = Africa/Africa.entitlements;
				CODE_SIGN_STYLE = Automatic;
				CURRENT_PROJECT_VERSION = 1;
				DEVELOPMENT_ASSET_PATHS = "\"Africa/Preview Content\"";
				DEVELOPMENT_TEAM = UPC72C27EN;
				ENABLE_PREVIEWS = YES;
				GENERATE_INFOPLIST_FILE = YES;
				INFOPLIST_FILE = Africa/Info.plist;
				INFOPLIST_KEY_UIApplicationSceneManifest_Generation = YES;
				INFOPLIST_KEY_UIApplicationSupportsIndirectInputEvents = YES;
				INFOPLIST_KEY_UISupportedInterfaceOrientations_iPad = "UIInterfaceOrientationPortrait UIInterfaceOrientationPortraitUpsideDown UIInterfaceOrientationLandscapeLeft UIInterfaceOrientationLandscapeRight";
				INFOPLIST_KEY_UISupportedInterfaceOrientations_iPhone = "UIInterfaceOrientationPortrait UIInterfaceOrientationLandscapeLeft UIInterfaceOrientationLandscapeRight";
				INFOPLIST_KEY_UIUserInterfaceStyle = Dark;
				LD_RUNPATH_SEARCH_PATHS = (
					"$(inherited)",
					"@executable_path/Frameworks",
				);
				MARKETING_VERSION = 1.0;
				PRODUCT_BUNDLE_IDENTIFIER = com.sebas.Africa;
				PRODUCT_NAME = "$(TARGET_NAME)";
				SUPPORTS_MACCATALYST = YES;
				SWIFT_EMIT_LOC_STRINGS = YES;
				SWIFT_VERSION = 5.0;
				TARGETED_DEVICE_FAMILY = "1,2";
			};
			name = Debug;
		};
		06ECF6772845B2E000550AAF /* Release */ = {
			isa = XCBuildConfiguration;
			buildSettings = {
				ASSETCATALOG_COMPILER_APPICON_NAME = AppIcon;
				ASSETCATALOG_COMPILER_GLOBAL_ACCENT_COLOR_NAME = AccentColor;
				CODE_SIGN_ENTITLEMENTS = Africa/Africa.entitlements;
				CODE_SIGN_STYLE = Automatic;
				CURRENT_PROJECT_VERSION = 1;
				DEVELOPMENT_ASSET_PATHS = "\"Africa/Preview Content\"";
				DEVELOPMENT_TEAM = UPC72C27EN;
				ENABLE_PREVIEWS = YES;
				GENERATE_INFOPLIST_FILE = YES;
				INFOPLIST_FILE = Africa/Info.plist;
				INFOPLIST_KEY_UIApplicationSceneManifest_Generation = YES;
				INFOPLIST_KEY_UIApplicationSupportsIndirectInputEvents = YES;
				INFOPLIST_KEY_UISupportedInterfaceOrientations_iPad = "UIInterfaceOrientationPortrait UIInterfaceOrientationPortraitUpsideDown UIInterfaceOrientationLandscapeLeft UIInterfaceOrientationLandscapeRight";
				INFOPLIST_KEY_UISupportedInterfaceOrientations_iPhone = "UIInterfaceOrientationPortrait UIInterfaceOrientationLandscapeLeft UIInterfaceOrientationLandscapeRight";
				INFOPLIST_KEY_UIUserInterfaceStyle = Dark;
				LD_RUNPATH_SEARCH_PATHS = (
					"$(inherited)",
					"@executable_path/Frameworks",
				);
				MARKETING_VERSION = 1.0;
				PRODUCT_BUNDLE_IDENTIFIER = com.sebas.Africa;
				PRODUCT_NAME = "$(TARGET_NAME)";
				SUPPORTS_MACCATALYST = YES;
				SWIFT_EMIT_LOC_STRINGS = YES;
				SWIFT_VERSION = 5.0;
				TARGETED_DEVICE_FAMILY = "1,2";
			};
			name = Release;
		};
/* End XCBuildConfiguration section */

/* Begin XCConfigurationList section */
		06585BCA2849DEA9009C3AE4 /* Build configuration list for PBXNativeTarget "Stickers" */ = {
			isa = XCConfigurationList;
			buildConfigurations = (
				06585BCB2849DEA9009C3AE4 /* Debug */,
				06585BCC2849DEA9009C3AE4 /* Release */,
			);
			defaultConfigurationIsVisible = 0;
			defaultConfigurationName = Release;
		};
		06ECF6622845B2DF00550AAF /* Build configuration list for PBXProject "Africa" */ = {
			isa = XCConfigurationList;
			buildConfigurations = (
				06ECF6732845B2E000550AAF /* Debug */,
				06ECF6742845B2E000550AAF /* Release */,
			);
			defaultConfigurationIsVisible = 0;
			defaultConfigurationName = Release;
		};
		06ECF6752845B2E000550AAF /* Build configuration list for PBXNativeTarget "Africa" */ = {
			isa = XCConfigurationList;
			buildConfigurations = (
				06ECF6762845B2E000550AAF /* Debug */,
				06ECF6772845B2E000550AAF /* Release */,
			);
			defaultConfigurationIsVisible = 0;
			defaultConfigurationName = Release;
		};
/* End XCConfigurationList section */
	};
	rootObject = 06ECF65F2845B2DF00550AAF /* Project object */;
}
